<Solution>
  <Folder Name="/src/">
    <Project Path="src/Dashboard.Agent/Dashboard.Agent.csproj" />
    <Project Path="src/Dashboard.Application/Dashboard.Application.csproj" />
    <Project Path="src/Dashboard.Contracts/Dashboard.Contracts.csproj" />
    <Project Path="src/Dashboard.Domain/Dashboard.Domain.csproj" />
    <Project Path="src/Dashboard.Infrastructure/Dashboard.Infrastructure.csproj" />
    <Project Path="src/Dashboard.Web/Dashboard.Web.csproj" />
  </Folder>
  <Folder Name="/tests/">
    <Project Path="tests/Dashboard.Agent.Tests/Dashboard.Agent.Tests.csproj" />
    <Project Path="tests/Dashboard.IntegrationTests/Dashboard.IntegrationTests.csproj" />
    <Project Path="tests/Dashboard.UnitTests/Dashboard.UnitTests.csproj" />
  </Folder>
</Solution>
